
Microsoft Visual Studio Solution File, Format Version 12.00
# Visual Studio Version 17
VisualStudioVersion = 17.0.31919.166
MinimumVisualStudioVersion = 10.0.40219.1
Project("{FAE04EC0-301F-11D3-BF4B-00C04F79EFBC}") = "Homework", "Homework\Homework.csproj", "{95EA08C7-08E4-45DF-BA8A-D0DEAA7364E5}"
EndProject
Global
	GlobalSection(SolutionConfigurationPlatforms) = preSolution
		Debug|Any CPU = Debug|Any CPU
		Release|Any CPU = Release|Any CPU
	EndGlobalSection
	GlobalSection(ProjectConfigurationPlatforms) = postSolution
		{95EA08C7-08E4-45DF-BA8A-D0DEAA7364E5}.Debug|Any CPU.ActiveCfg = Debug|Any CPU
		{95EA08C7-08E4-45DF-BA8A-D0DEAA7364E5}.Debug|Any CPU.Build.0 = Debug|Any CPU
		{95EA08C7-08E4-45DF-BA8A-D0DEAA7364E5}.Release|Any CPU.ActiveCfg = Release|Any CPU
		{95EA08C7-08E4-45DF-BA8A-D0DEAA7364E5}.Release|Any CPU.Build.0 = Release|Any CPU
	EndGlobalSection
	GlobalSection(SolutionProperties) = preSolution
		HideSolutionNode = FALSE
	EndGlobalSection
	GlobalSection(ExtensibilityGlobals) = postSolution
		SolutionGuid = {824DBEDA-F610-4250-A351-8D0E8334117B}
	EndGlobalSection
EndGlobal
